
Microsoft Visual Studio Solution File, Format Version 12.00
# Visual Studio Version 16
VisualStudioVersion = 16.0.29324.140
MinimumVisualStudioVersion = 10.0.40219.1
Project("{FAE04EC0-301F-11D3-BF4B-00C04F79EFBC}") = "Library.WebService", "Library.WebService\Library.WebService.csproj", "{0DCAE4E0-AF5A-49F8-BA9E-C78EC1D6FF58}"
EndProject
Project("{FAE04EC0-301F-11D3-BF4B-00C04F79EFBC}") = "Library.Base", "Library.Base\Library.Base.csproj", "{205421B1-2D63-4EAA-BE51-8FF8C0140104}"
EndProject
Project("{FAE04EC0-301F-11D3-BF4B-00C04F79EFBC}") = "Library", "Library\Library.csproj", "{54EDE0E6-2331-48CB-A9C5-8E68D61D4BC8}"
EndProject
Global
	GlobalSection(SolutionConfigurationPlatforms) = preSolution
		Debug|Any CPU = Debug|Any CPU
		Release|Any CPU = Release|Any CPU
	EndGlobalSection
	GlobalSection(ProjectConfigurationPlatforms) = postSolution
		{0DCAE4E0-AF5A-49F8-BA9E-C78EC1D6FF58}.Debug|Any CPU.ActiveCfg = Debug|Any CPU
		{0DCAE4E0-AF5A-49F8-BA9E-C78EC1D6FF58}.Debug|Any CPU.Build.0 = Debug|Any CPU
		{0DCAE4E0-AF5A-49F8-BA9E-C78EC1D6FF58}.Release|Any CPU.ActiveCfg = Release|Any CPU
		{0DCAE4E0-AF5A-49F8-BA9E-C78EC1D6FF58}.Release|Any CPU.Build.0 = Release|Any CPU
		{205421B1-2D63-4EAA-BE51-8FF8C0140104}.Debug|Any CPU.ActiveCfg = Debug|Any CPU
		{205421B1-2D63-4EAA-BE51-8FF8C0140104}.Debug|Any CPU.Build.0 = Debug|Any CPU
		{205421B1-2D63-4EAA-BE51-8FF8C0140104}.Release|Any CPU.ActiveCfg = Release|Any CPU
		{205421B1-2D63-4EAA-BE51-8FF8C0140104}.Release|Any CPU.Build.0 = Release|Any CPU
		{54EDE0E6-2331-48CB-A9C5-8E68D61D4BC8}.Debug|Any CPU.ActiveCfg = Debug|Any CPU
		{54EDE0E6-2331-48CB-A9C5-8E68D61D4BC8}.Debug|Any CPU.Build.0 = Debug|Any CPU
		{54EDE0E6-2331-48CB-A9C5-8E68D61D4BC8}.Release|Any CPU.ActiveCfg = Release|Any CPU
		{54EDE0E6-2331-48CB-A9C5-8E68D61D4BC8}.Release|Any CPU.Build.0 = Release|Any CPU
	EndGlobalSection
	GlobalSection(SolutionProperties) = preSolution
		HideSolutionNode = FALSE
	EndGlobalSection
	GlobalSection(ExtensibilityGlobals) = postSolution
		SolutionGuid = {0C40D244-9BAF-4E57-A004-87D24E7E334F}
	EndGlobalSection
EndGlobal
